
Microsoft Visual Studio Solution File, Format Version 12.00
# Visual Studio Version 17
VisualStudioVersion = 17.10.35004.147
MinimumVisualStudioVersion = 10.0.40219.1
Project("{9A19103F-16F7-4668-BE54-9A1E7A4F7556}") = "Picsarty", "Picsarty\Picsarty.csproj", "{BED911D3-D266-4E8B-850B-6488512A154B}"
EndProject
Project("{FAE04EC0-301F-11D3-BF4B-00C04F79EFBC}") = "Models", "Models\Models.csproj", "{129103D6-37CA-435B-94D0-47E317D54A85}"
EndProject
Project("{FAE04EC0-301F-11D3-BF4B-00C04F79EFBC}") = "Data", "Data\Data.csproj", "{BC1E446E-3BC6-4CF7-B283-DF54DA82BCB4}"
EndProject
Global
	GlobalSection(SolutionConfigurationPlatforms) = preSolution
		Debug|Any CPU = Debug|Any CPU
		Release|Any CPU = Release|Any CPU
	EndGlobalSection
	GlobalSection(ProjectConfigurationPlatforms) = postSolution
		{BED911D3-D266-4E8B-850B-6488512A154B}.Debug|Any CPU.ActiveCfg = Debug|Any CPU
		{BED911D3-D266-4E8B-850B-6488512A154B}.Debug|Any CPU.Build.0 = Debug|Any CPU
		{BED911D3-D266-4E8B-850B-6488512A154B}.Release|Any CPU.ActiveCfg = Release|Any CPU
		{BED911D3-D266-4E8B-850B-6488512A154B}.Release|Any CPU.Build.0 = Release|Any CPU
		{129103D6-37CA-435B-94D0-47E317D54A85}.Debug|Any CPU.ActiveCfg = Debug|Any CPU
		{129103D6-37CA-435B-94D0-47E317D54A85}.Debug|Any CPU.Build.0 = Debug|Any CPU
		{129103D6-37CA-435B-94D0-47E317D54A85}.Release|Any CPU.ActiveCfg = Release|Any CPU
		{129103D6-37CA-435B-94D0-47E317D54A85}.Release|Any CPU.Build.0 = Release|Any CPU
		{BC1E446E-3BC6-4CF7-B283-DF54DA82BCB4}.Debug|Any CPU.ActiveCfg = Debug|Any CPU
		{BC1E446E-3BC6-4CF7-B283-DF54DA82BCB4}.Debug|Any CPU.Build.0 = Debug|Any CPU
		{BC1E446E-3BC6-4CF7-B283-DF54DA82BCB4}.Release|Any CPU.ActiveCfg = Release|Any CPU
		{BC1E446E-3BC6-4CF7-B283-DF54DA82BCB4}.Release|Any CPU.Build.0 = Release|Any CPU
	EndGlobalSection
	GlobalSection(SolutionProperties) = preSolution
		HideSolutionNode = FALSE
	EndGlobalSection
	GlobalSection(ExtensibilityGlobals) = postSolution
		SolutionGuid = {B0394C26-8D52-4BB7-B83E-D6DF7FBF9E59}
	EndGlobalSection
EndGlobal
